{
  "name": "ducker",
  "version": "1.0.0",
  "lockfileVersion": 1,
  "requires": true,
  "dependencies": {
    "nodesounds": {
      "version": "1.7.0",
      "resolved": "https://registry.npmjs.org/nodesounds/-/nodesounds-1.7.0.tgz",
      "integrity": "sha1-od7IRk5knI2BFlx1uh1Z67XAVb0="
    }
  }
}
